
Microsoft Visual Studio Solution File, Format Version 12.00
# Visual Studio Version 17
VisualStudioVersion = 17.4.33103.184
MinimumVisualStudioVersion = 10.0.40219.1
Project("{FAE04EC0-301F-11D3-BF4B-00C04F79EFBC}") = "WeeklyAssignment", "WeeklyAssignment.csproj", "{0D8D9715-2954-405C-8C93-5800C66A375C}"
EndProject
Global
	GlobalSection(SolutionConfigurationPlatforms) = preSolution
		Debug|Any CPU = Debug|Any CPU
		Release|Any CPU = Release|Any CPU
	EndGlobalSection
	GlobalSection(ProjectConfigurationPlatforms) = postSolution
		{0D8D9715-2954-405C-8C93-5800C66A375C}.Debug|Any CPU.ActiveCfg = Debug|Any CPU
		{0D8D9715-2954-405C-8C93-5800C66A375C}.Debug|Any CPU.Build.0 = Debug|Any CPU
		{0D8D9715-2954-405C-8C93-5800C66A375C}.Release|Any CPU.ActiveCfg = Release|Any CPU
		{0D8D9715-2954-405C-8C93-5800C66A375C}.Release|Any CPU.Build.0 = Release|Any CPU
	EndGlobalSection
	GlobalSection(SolutionProperties) = preSolution
		HideSolutionNode = FALSE
	EndGlobalSection
	GlobalSection(ExtensibilityGlobals) = postSolution
		SolutionGuid = {B93B2A29-22CA-452A-A8BA-4EBA7944926B}
	EndGlobalSection
EndGlobal
